# This file is automatically @generated by Cargo.
# It is not intended for manual editing.
version = 3

[[package]]
name = "client"
version = "0.1.0"
dependencies = [
 "proxy-wasm",
]

[[package]]
name = "proxy-wasm"
version = "0.1.0"

[[package]]
name = "server"
version = "0.1.0"
dependencies = [
 "proxy-wasm",
]
