{
  "name": "proxywasm",
  "version": "1.0.0",
  "lockfileVersion": 2,
  "requires": true,
  "packages": {
    "": {
      "name": "proxywasm",
      "version": "1.0.0",
      "license": "ISC",
      "dependencies": {
        "@assemblyscript/loader": "^0.19.5",
        "@nobodyiam/proxy-runtime": "^0.1.14"
      },
      "devDependencies": {
        "assemblyscript": "^0.19.5"
      }
    },
    "node_modules/@assemblyscript/loader": {
      "version": "0.19.5",
      "license": "Apache-2.0"
    },
    "node_modules/@nobodyiam/proxy-runtime": {
      "version": "0.1.14",
      "resolved": "https://registry.npmjs.org/@nobodyiam/proxy-runtime/-/proxy-runtime-0.1.14.tgz",
      "integrity": "sha512-L4Zr8ZdBOya8JWhYnUCdqKeUqXFGREU3r3pE27aNCpFkBmm+KJ3E4X56iG4plBgiSQvinr+JIQJ5IU7TE7LH2g=="
    },
    "node_modules/assemblyscript": {
      "version": "0.19.5",
      "dev": true,
      "license": "Apache-2.0",
      "dependencies": {
        "binaryen": "101.0.0-nightly.20210604",
        "long": "^4.0.0"
      },
      "bin": {
        "asc": "bin/asc",
        "asinit": "bin/asinit"
      },
      "funding": {
        "type": "opencollective",
        "url": "https://opencollective.com/assemblyscript"
      }
    },
    "node_modules/binaryen": {
      "version": "101.0.0-nightly.20210604",
      "dev": true,
      "license": "Apache-2.0",
      "bin": {
        "wasm-opt": "bin/wasm-opt"
      }
    },
    "node_modules/long": {
      "version": "4.0.0",
      "dev": true,
      "license": "Apache-2.0"
    }
  },
  "dependencies": {
    "@assemblyscript/loader": {
      "version": "0.19.5"
    },
    "@nobodyiam/proxy-runtime": {
      "version": "0.1.14",
      "resolved": "https://registry.npmjs.org/@nobodyiam/proxy-runtime/-/proxy-runtime-0.1.14.tgz",
      "integrity": "sha512-L4Zr8ZdBOya8JWhYnUCdqKeUqXFGREU3r3pE27aNCpFkBmm+KJ3E4X56iG4plBgiSQvinr+JIQJ5IU7TE7LH2g=="
    },
    "assemblyscript": {
      "version": "0.19.5",
      "dev": true,
      "requires": {
        "binaryen": "101.0.0-nightly.20210604",
        "long": "^4.0.0"
      }
    },
    "binaryen": {
      "version": "101.0.0-nightly.20210604",
      "dev": true
    },
    "long": {
      "version": "4.0.0",
      "dev": true
    }
  }
}
